// !$*UTF8*$!
{
	archiveVersion = 1;
	classes = {
	};
	objectVersion = 46;
	objects = {

/* Begin PBXBuildFile section */
		185F8D5119DB59C5008F6F86 /* AppDelegate.swift in Sources */ = {isa = PBXBuildFile; fileRef = 185F8D5019DB59C5008F6F86 /* AppDelegate.swift */; };
		185F8D5319DB59C5008F6F86 /* ViewController.swift in Sources */ = {isa = PBXBuildFile; fileRef = 185F8D5219DB59C5008F6F86 /* ViewController.swift */; };
		185F8D5619DB59C5008F6F86 /* Main.storyboard in Resources */ = {isa = PBXBuildFile; fileRef = 185F8D5419DB59C5008F6F86 /* Main.storyboard */; };
		185F8D5819DB59C5008F6F86 /* Images.xcassets in Resources */ = {isa = PBXBuildFile; fileRef = 185F8D5719DB59C5008F6F86 /* Images.xcassets */; };
		185F8D5B19DB59C5008F6F86 /* LaunchScreen.xib in Resources */ = {isa = PBXBuildFile; fileRef = 185F8D5919DB59C5008F6F86 /* LaunchScreen.xib */; };
		185F8D6719DB59C5008F6F86 /* PostcardTests.swift in Sources */ = {isa = PBXBuildFile; fileRef = 185F8D6619DB59C5008F6F86 /* PostcardTests.swift */; };
/* End PBXBuildFile section */

/* Begin PBXContainerItemProxy section */
		185F8D6119DB59C5008F6F86 /* PBXContainerItemProxy */ = {
			isa = PBXContainerItemProxy;
			containerPortal = 185F8D4319DB59C5008F6F86 /* Project object */;
			proxyType = 1;
			remoteGlobalIDString = 185F8D4A19DB59C5008F6F86;
			remoteInfo = Postcard;
		};
/* End PBXContainerItemProxy section */

/* Begin PBXFileReference section */
		185F8D4B19DB59C5008F6F86 /* Postcard.app */ = {isa = PBXFileReference; explicitFileType = wrapper.application; includeInIndex = 0; path = Postcard.app; sourceTree = BUILT_PRODUCTS_DIR; };
		185F8D4F19DB59C5008F6F86 /* Info.plist */ = {isa = PBXFileReference; lastKnownFileType = text.plist.xml; path = Info.plist; sourceTree = "<group>"; };
		185F8D5019DB59C5008F6F86 /* AppDelegate.swift */ = {isa = PBXFileReference; lastKnownFileType = sourcecode.swift; path = AppDelegate.swift; sourceTree = "<group>"; };
		185F8D5219DB59C5008F6F86 /* ViewController.swift */ = {isa = PBXFileReference; lastKnownFileType = sourcecode.swift; path = ViewController.swift; sourceTree = "<group>"; };
		185F8D5519DB59C5008F6F86 /* Base */ = {isa = PBXFileReference; lastKnownFileType = file.storyboard; name = Base; path = Base.lproj/Main.storyboard; sourceTree = "<group>"; };
		185F8D5719DB59C5008F6F86 /* Images.xcassets */ = {isa = PBXFileReference; lastKnownFileType = folder.assetcatalog; path = Images.xcassets; sourceTree = "<group>"; };
		185F8D5A19DB59C5008F6F86 /* Base */ = {isa = PBXFileReference; lastKnownFileType = file.xib; name = Base; path = Base.lproj/LaunchScreen.xib; sourceTree = "<group>"; };
		185F8D6019DB59C5008F6F86 /* PostcardTests.xctest */ = {isa = PBXFileReference; explicitFileType = wrapper.cfbundle; includeInIndex = 0; path = PostcardTests.xctest; sourceTree = BUILT_PRODUCTS_DIR; };
		185F8D6519DB59C5008F6F86 /* Info.plist */ = {isa = PBXFileReference; lastKnownFileType = text.plist.xml; path = Info.plist; sourceTree = "<group>"; };
		185F8D6619DB59C5008F6F86 /* PostcardTests.swift */ = {isa = PBXFileReference; lastKnownFileType = sourcecode.swift; path = PostcardTests.swift; sourceTree = "<group>"; };
/* End PBXFileReference section */

/* Begin PBXFrameworksBuildPhase section */
		185F8D4819DB59C5008F6F86 /* Frameworks */ = {
			isa = PBXFrameworksBuildPhase;
			buildActionMask = 2147483647;
			files = (
			);
			runOnlyForDeploymentPostprocessing = 0;
		};
		185F8D5D19DB59C5008F6F86 /* Frameworks */ = {
			isa = PBXFrameworksBuildPhase;
			buildActionMask = 2147483647;
			files = (
			);
			runOnlyForDeploymentPostprocessing = 0;
		};
/* End PBXFrameworksBuildPhase section */

/* Begin PBXGroup section */
		185F8D4219DB59C5008F6F86 = {
			isa = PBXGroup;
			children = (
				185F8D4D19DB59C5008F6F86 /* Postcard */,
				185F8D6319DB59C5008F6F86 /* PostcardTests */,
				185F8D4C19DB59C5008F6F86 /* Products */,
			);
			sourceTree = "<group>";
		};
		185F8D4C19DB59C5008F6F86 /* Products */ = {
			isa = PBXGroup;
			children = (
				185F8D4B19DB59C5008F6F86 /* Postcard.app */,
				185F8D6019DB59C5008F6F86 /* PostcardTests.xctest */,
			);
			name = Products;
			sourceTree = "<group>";
		};
		185F8D4D19DB59C5008F6F86 /* Postcard */ = {
			isa = PBXGroup;
			children = (
				185F8D5019DB59C5008F6F86 /* AppDelegate.swift */,
				185F8D5219DB59C5008F6F86 /* ViewController.swift */,
				185F8D5419DB59C5008F6F86 /* Main.storyboard */,
				185F8D5719DB59C5008F6F86 /* Images.xcassets */,
				185F8D5919DB59C5008F6F86 /* LaunchScreen.xib */,
				185F8D4E19DB59C5008F6F86 /* Supporting Files */,
			);
			path = Postcard;
			sourceTree = "<group>";
		};
		185F8D4E19DB59C5008F6F86 /* Supporting Files */ = {
			isa = PBXGroup;
			children = (
				185F8D4F19DB59C5008F6F86 /* Info.plist */,
			);
			name = "Supporting Files";
			sourceTree = "<group>";
		};
		185F8D6319DB59C5008F6F86 /* PostcardTests */ = {
			isa = PBXGroup;
			children = (
				185F8D6619DB59C5008F6F86 /* PostcardTests.swift */,
				185F8D6419DB59C5008F6F86 /* Supporting Files */,
			);
			path = PostcardTests;
			sourceTree = "<group>";
		};
		185F8D6419DB59C5008F6F86 /* Supporting Files */ = {
			isa = PBXGroup;
			children = (
				185F8D6519DB59C5008F6F86 /* Info.plist */,
			);
			name = "Supporting Files";
			sourceTree = "<group>";
		};
/* End PBXGroup section */

/* Begin PBXNativeTarget section */
		185F8D4A19DB59C5008F6F86 /* Postcard */ = {
			isa = PBXNativeTarget;
			buildConfigurationList = 185F8D6A19DB59C5008F6F86 /* Build configuration list for PBXNativeTarget "Postcard" */;
			buildPhases = (
				185F8D4719DB59C5008F6F86 /* Sources */,
				185F8D4819DB59C5008F6F86 /* Frameworks */,
				185F8D4919DB59C5008F6F86 /* Resources */,
			);
			buildRules = (
			);
			dependencies = (
			);
			name = Postcard;
			productName = Postcard;
			productReference = 185F8D4B19DB59C5008F6F86 /* Postcard.app */;
			productType = "com.apple.product-type.application";
		};
		185F8D5F19DB59C5008F6F86 /* PostcardTests */ = {
			isa = PBXNativeTarget;
			buildConfigurationList = 185F8D6D19DB59C5008F6F86 /* Build configuration list for PBXNativeTarget "PostcardTests" */;
			buildPhases = (
				185F8D5C19DB59C5008F6F86 /* Sources */,
				185F8D5D19DB59C5008F6F86 /* Frameworks */,
				185F8D5E19DB59C5008F6F86 /* Resources */,
			);
			buildRules = (
			);
			dependencies = (
				185F8D6219DB59C5008F6F86 /* PBXTargetDependency */,
			);
			name = PostcardTests;
			productName = PostcardTests;
			productReference = 185F8D6019DB59C5008F6F86 /* PostcardTests.xctest */;
			productType = "com.apple.product-type.bundle.unit-test";
		};
/* End PBXNativeTarget section */

/* Begin PBXProject section */
		185F8D4319DB59C5008F6F86 /* Project object */ = {
			isa = PBXProject;
			attributes = {
				LastUpgradeCheck = 0600;
				ORGANIZATIONNAME = rizzo;
				TargetAttributes = {
					185F8D4A19DB59C5008F6F86 = {
						CreatedOnToolsVersion = 6.0.1;
					};
					185F8D5F19DB59C5008F6F86 = {
						CreatedOnToolsVersion = 6.0.1;
						TestTargetID = 185F8D4A19DB59C5008F6F86;
					};
				};
			};
			buildConfigurationList = 185F8D4619DB59C5008F6F86 /* Build configuration list for PBXProject "Postcard" */;
			compatibilityVersion = "Xcode 3.2";
			developmentRegion = English;
			hasScannedForEncodings = 0;
			knownRegions = (
				en,
				Base,
			);
			mainGroup = 185F8D4219DB59C5008F6F86;
			productRefGroup = 185F8D4C19DB59C5008F6F86 /* Products */;
			projectDirPath = "";
			projectRoot = "";
			targets = (
				185F8D4A19DB59C5008F6F86 /* Postcard */,
				185F8D5F19DB59C5008F6F86 /* PostcardTests */,
			);
		};
/* End PBXProject section */

/* Begin PBXResourcesBuildPhase section */
		185F8D4919DB59C5008F6F86 /* Resources */ = {
			isa = PBXResourcesBuildPhase;
			buildActionMask = 2147483647;
			files = (
				185F8D5619DB59C5008F6F86 /* Main.storyboard in Resources */,
				185F8D5B19DB59C5008F6F86 /* LaunchScreen.xib in Resources */,
				185F8D5819DB59C5008F6F86 /* Images.xcassets in Resources */,
			);
			runOnlyForDeploymentPostprocessing = 0;
		};
		185F8D5E19DB59C5008F6F86 /* Resources */ = {
			isa = PBXResourcesBuildPhase;
			buildActionMask = 2147483647;
			files = (
			);
			runOnlyForDeploymentPostprocessing = 0;
		};
/* End PBXResourcesBuildPhase section */

/* Begin PBXSourcesBuildPhase section */
		185F8D4719DB59C5008F6F86 /* Sources */ = {
			isa = PBXSourcesBuildPhase;
			buildActionMask = 2147483647;
			files = (
				185F8D5319DB59C5008F6F86 /* ViewController.swift in Sources */,
				185F8D5119DB59C5008F6F86 /* AppDelegate.swift in Sources */,
			);
			runOnlyForDeploymentPostprocessing = 0;
		};
		185F8D5C19DB59C5008F6F86 /* Sources */ = {
			isa = PBXSourcesBuildPhase;
			buildActionMask = 2147483647;
			files = (
				185F8D6719DB59C5008F6F86 /* PostcardTests.swift in Sources */,
			);
			runOnlyForDeploymentPostprocessing = 0;
		};
/* End PBXSourcesBuildPhase section */

/* Begin PBXTargetDependency section */
		185F8D6219DB59C5008F6F86 /* PBXTargetDependency */ = {
			isa = PBXTargetDependency;
			target = 185F8D4A19DB59C5008F6F86 /* Postcard */;
			targetProxy = 185F8D6119DB59C5008F6F86 /* PBXContainerItemProxy */;
		};
/* End PBXTargetDependency section */

/* Begin PBXVariantGroup section */
		185F8D5419DB59C5008F6F86 /* Main.storyboard */ = {
			isa = PBXVariantGroup;
			children = (
				185F8D5519DB59C5008F6F86 /* Base */,
			);
			name = Main.storyboard;
			sourceTree = "<group>";
		};
		185F8D5919DB59C5008F6F86 /* LaunchScreen.xib */ = {
			isa = PBXVariantGroup;
			children = (
				185F8D5A19DB59C5008F6F86 /* Base */,
			);
			name = LaunchScreen.xib;
			sourceTree = "<group>";
		};
/* End PBXVariantGroup section */

/* Begin XCBuildConfiguration section */
		185F8D6819DB59C5008F6F86 /* Debug */ = {
			isa = XCBuildConfiguration;
			buildSettings = {
				ALWAYS_SEARCH_USER_PATHS = NO;
				CLANG_CXX_LANGUAGE_STANDARD = "gnu++0x";
				CLANG_CXX_LIBRARY = "libc++";
				CLANG_ENABLE_MODULES = YES;
				CLANG_ENABLE_OBJC_ARC = YES;
				CLANG_WARN_BOOL_CONVERSION = YES;
				CLANG_WARN_CONSTANT_CONVERSION = YES;
				CLANG_WARN_DIRECT_OBJC_ISA_USAGE = YES_ERROR;
				CLANG_WARN_EMPTY_BODY = YES;
				CLANG_WARN_ENUM_CONVERSION = YES;
				CLANG_WARN_INT_CONVERSION = YES;
				CLANG_WARN_OBJC_ROOT_CLASS = YES_ERROR;
				CLANG_WARN_UNREACHABLE_CODE = YES;
				CLANG_WARN__DUPLICATE_METHOD_MATCH = YES;
				"CODE_SIGN_IDENTITY[sdk=iphoneos*]" = "iPhone Developer";
				COPY_PHASE_STRIP = NO;
				ENABLE_STRICT_OBJC_MSGSEND = YES;
				GCC_C_LANGUAGE_STANDARD = gnu99;
				GCC_DYNAMIC_NO_PIC = NO;
				GCC_OPTIMIZATION_LEVEL = 0;
				GCC_PREPROCESSOR_DEFINITIONS = (
					"DEBUG=1",
					"$(inherited)",
				);
				GCC_SYMBOLS_PRIVATE_EXTERN = NO;
				GCC_WARN_64_TO_32_BIT_CONVERSION = YES;
				GCC_WARN_ABOUT_RETURN_TYPE = YES_ERROR;
				GCC_WARN_UNDECLARED_SELECTOR = YES;
				GCC_WARN_UNINITIALIZED_AUTOS = YES_AGGRESSIVE;
				GCC_WARN_UNUSED_FUNCTION = YES;
				GCC_WARN_UNUSED_VARIABLE = YES;
				IPHONEOS_DEPLOYMENT_TARGET = 8.0;
				MTL_ENABLE_DEBUG_INFO = YES;
				ONLY_ACTIVE_ARCH = YES;
				SDKROOT = iphoneos;
				SWIFT_OPTIMIZATION_LEVEL = "-Onone";
			};
			name = Debug;
		};
		185F8D6919DB59C5008F6F86 /* Release */ = {
			isa = XCBuildConfiguration;
			buildSettings = {
				ALWAYS_SEARCH_USER_PATHS = NO;
				CLANG_CXX_LANGUAGE_STANDARD = "gnu++0x";
				CLANG_CXX_LIBRARY = "libc++";
				CLANG_ENABLE_MODULES = YES;
				CLANG_ENABLE_OBJC_ARC = YES;
				CLANG_WARN_BOOL_CONVERSION = YES;
				CLANG_WARN_CONSTANT_CONVERSION = YES;
				CLANG_WARN_DIRECT_OBJC_ISA_USAGE = YES_ERROR;
				CLANG_WARN_EMPTY_BODY = YES;
				CLANG_WARN_ENUM_CONVERSION = YES;
				CLANG_WARN_INT_CONVERSION = YES;
				CLANG_WARN_OBJC_ROOT_CLASS = YES_ERROR;
				CLANG_WARN_UNREACHABLE_CODE = YES;
				CLANG_WARN__DUPLICATE_METHOD_MATCH = YES;
				"CODE_SIGN_IDENTITY[sdk=iphoneos*]" = "iPhone Developer";
				COPY_PHASE_STRIP = YES;
				ENABLE_NS_ASSERTIONS = NO;
				ENABLE_STRICT_OBJC_MSGSEND = YES;
				GCC_C_LANGUAGE_STANDARD = gnu99;
				GCC_WARN_64_TO_32_BIT_CONVERSION = YES;
				GCC_WARN_ABOUT_RETURN_TYPE = YES_ERROR;
				GCC_WARN_UNDECLARED_SELECTOR = YES;
				GCC_WARN_UNINITIALIZED_AUTOS = YES_AGGRESSIVE;
				GCC_WARN_UNUSED_FUNCTION = YES;
				GCC_WARN_UNUSED_VARIABLE = YES;
				IPHONEOS_DEPLOYMENT_TARGET = 8.0;
				MTL_ENABLE_DEBUG_INFO = NO;
				SDKROOT = iphoneos;
				VALIDATE_PRODUCT = YES;
			};
			name = Release;
		};
		185F8D6B19DB59C5008F6F86 /* Debug */ = {
			isa = XCBuildConfiguration;
			buildSettings = {
				ASSETCATALOG_COMPILER_APPICON_NAME = AppIcon;
				INFOPLIST_FILE = Postcard/Info.plist;
				LD_RUNPATH_SEARCH_PATHS = "$(inherited) @executable_path/Frameworks";
				PRODUCT_NAME = "$(TARGET_NAME)";
			};
			name = Debug;
		};
		185F8D6C19DB59C5008F6F86 /* Release */ = {
			isa = XCBuildConfiguration;
			buildSettings = {
				ASSETCATALOG_COMPILER_APPICON_NAME = AppIcon;
				INFOPLIST_FILE = Postcard/Info.plist;
				LD_RUNPATH_SEARCH_PATHS = "$(inherited) @executable_path/Frameworks";
				PRODUCT_NAME = "$(TARGET_NAME)";
			};
			name = Release;
		};
		185F8D6E19DB59C5008F6F86 /* Debug */ = {
			isa = XCBuildConfiguration;
			buildSettings = {
				BUNDLE_LOADER = "$(TEST_HOST)";
				FRAMEWORK_SEARCH_PATHS = (
					"$(SDKROOT)/Developer/Library/Frameworks",
					"$(inherited)",
				);
				GCC_PREPROCESSOR_DEFINITIONS = (
					"DEBUG=1",
					"$(inherited)",
				);
				INFOPLIST_FILE = PostcardTests/Info.plist;
				LD_RUNPATH_SEARCH_PATHS = "$(inherited) @executable_path/Frameworks @loader_path/Frameworks";
				PRODUCT_NAME = "$(TARGET_NAME)";
				TEST_HOST = "$(BUILT_PRODUCTS_DIR)/Postcard.app/Postcard";
			};
			name = Debug;
		};
		185F8D6F19DB59C5008F6F86 /* Release */ = {
			isa = XCBuildConfiguration;
			buildSettings = {
				BUNDLE_LOADER = "$(TEST_HOST)";
				FRAMEWORK_SEARCH_PATHS = (
					"$(SDKROOT)/Developer/Library/Frameworks",
					"$(inherited)",
				);
				INFOPLIST_FILE = PostcardTests/Info.plist;
				LD_RUNPATH_SEARCH_PATHS = "$(inherited) @executable_path/Frameworks @loader_path/Frameworks";
				PRODUCT_NAME = "$(TARGET_NAME)";
				TEST_HOST = "$(BUILT_PRODUCTS_DIR)/Postcard.app/Postcard";
			};
			name = Release;
		};
/* End XCBuildConfiguration section */

/* Begin XCConfigurationList section */
		185F8D4619DB59C5008F6F86 /* Build configuration list for PBXProject "Postcard" */ = {
			isa = XCConfigurationList;
			buildConfigurations = (
				185F8D6819DB59C5008F6F86 /* Debug */,
				185F8D6919DB59C5008F6F86 /* Release */,
			);
			defaultConfigurationIsVisible = 0;
			defaultConfigurationName = Release;
		};
		185F8D6A19DB59C5008F6F86 /* Build configuration list for PBXNativeTarget "Postcard" */ = {
			isa = XCConfigurationList;
			buildConfigurations = (
				185F8D6B19DB59C5008F6F86 /* Debug */,
				185F8D6C19DB59C5008F6F86 /* Release */,
			);
			defaultConfigurationIsVisible = 0;
		};
		185F8D6D19DB59C5008F6F86 /* Build configuration list for PBXNativeTarget "PostcardTests" */ = {
			isa = XCConfigurationList;
			buildConfigurations = (
				185F8D6E19DB59C5008F6F86 /* Debug */,
				185F8D6F19DB59C5008F6F86 /* Release */,
			);
			defaultConfigurationIsVisible = 0;
		};
/* End XCConfigurationList section */
	};
	rootObject = 185F8D4319DB59C5008F6F86 /* Project object */;
}
